
Microsoft Visual Studio Solution File, Format Version 12.00
# Visual Studio Version 17
VisualStudioVersion = 17.8.34511.84
MinimumVisualStudioVersion = 10.0.40219.1
Project("{9A19103F-16F7-4668-BE54-9A1E7A4F7556}") = "DesafioFundamentos", "DesafioFundamentos.csproj", "{C11AF398-AD40-459A-9FCC-98476903AEF5}"
EndProject
Global
	GlobalSection(SolutionConfigurationPlatforms) = preSolution
		Debug|Any CPU = Debug|Any CPU
		Release|Any CPU = Release|Any CPU
	EndGlobalSection
	GlobalSection(ProjectConfigurationPlatforms) = postSolution
		{C11AF398-AD40-459A-9FCC-98476903AEF5}.Debug|Any CPU.ActiveCfg = Debug|Any CPU
		{C11AF398-AD40-459A-9FCC-98476903AEF5}.Debug|Any CPU.Build.0 = Debug|Any CPU
		{C11AF398-AD40-459A-9FCC-98476903AEF5}.Release|Any CPU.ActiveCfg = Release|Any CPU
		{C11AF398-AD40-459A-9FCC-98476903AEF5}.Release|Any CPU.Build.0 = Release|Any CPU
	EndGlobalSection
	GlobalSection(SolutionProperties) = preSolution
		HideSolutionNode = FALSE
	EndGlobalSection
	GlobalSection(ExtensibilityGlobals) = postSolution
		SolutionGuid = {B491C9A6-A49D-4AB1-973A-9312E850CC8F}
	EndGlobalSection
EndGlobal
